// !$*UTF8*$!
{
	archiveVersion = 1;
	classes = {
	};
	objectVersion = 50;
	objects = {

/* Begin PBXBuildFile section */
		DC035FAB230EA3DE00F4CBE7 /* ATBlockNotificationCenter.m in Sources */ = {isa = PBXBuildFile; fileRef = DC035FAA230EA3DE00F4CBE7 /* ATBlockNotificationCenter.m */; };
		DC035FBF2317E01000F4CBE7 /* ATTaskQueueTest.m in Sources */ = {isa = PBXBuildFile; fileRef = DC035FBE2317E01000F4CBE7 /* ATTaskQueueTest.m */; };
		DC167A22227050780009D463 /* ATKit.m in Sources */ = {isa = PBXBuildFile; fileRef = DC167A21227050780009D463 /* ATKit.m */; };
		DC167A23227050780009D463 /* ATKit.h in CopyFiles */ = {isa = PBXBuildFile; fileRef = DC167A20227050780009D463 /* ATKit.h */; };
		DC2F9CD92273019A00DE1FF8 /* ATWeakObject.m in Sources */ = {isa = PBXBuildFile; fileRef = DC2F9CD42273019A00DE1FF8 /* ATWeakObject.m */; };
		DC2F9CDF2273039F00DE1FF8 /* ATModuleManager.m in Sources */ = {isa = PBXBuildFile; fileRef = DC2F9CDD2273039F00DE1FF8 /* ATModuleManager.m */; };
		DC2F9CE622730B1600DE1FF8 /* ATProtocolManager.m in Sources */ = {isa = PBXBuildFile; fileRef = DC2F9CE522730B1600DE1FF8 /* ATProtocolManager.m */; };
		DC43122A244404920080D9F4 /* ATApiStrategy.m in Sources */ = {isa = PBXBuildFile; fileRef = DC431229244404920080D9F4 /* ATApiStrategy.m */; };
		DC4D908E22D48F6100078C83 /* ATFileManager.m in Sources */ = {isa = PBXBuildFile; fileRef = DC4D908D22D48F6100078C83 /* ATFileManager.m */; };
		DC4D909722D5DAD600078C83 /* ATRuntimeUtils.m in Sources */ = {isa = PBXBuildFile; fileRef = DC4D909622D5DAD600078C83 /* ATRuntimeUtils.m */; };
		DC7995632275ADE100407F41 /* ATBaseViewController.m in Sources */ = {isa = PBXBuildFile; fileRef = DC7995622275ADE100407F41 /* ATBaseViewController.m */; };
		DC79956D2275D1DE00407F41 /* ATComponentService.m in Sources */ = {isa = PBXBuildFile; fileRef = DC79956C2275D1DE00407F41 /* ATComponentService.m */; };
		DC79957B2277E54300407F41 /* libATKit.a in Frameworks */ = {isa = PBXBuildFile; fileRef = DC167A1D227050780009D463 /* libATKit.a */; };
		DC7995882277FB1A00407F41 /* NSString+ATKit.m in Sources */ = {isa = PBXBuildFile; fileRef = DC7995872277FB1A00407F41 /* NSString+ATKit.m */; };
		DC79958C227841BC00407F41 /* ATKitStringTest.m in Sources */ = {isa = PBXBuildFile; fileRef = DC79958B227841BC00407F41 /* ATKitStringTest.m */; };
		DC799592227E835A00407F41 /* NSMutableAttributedString+ATKit.m in Sources */ = {isa = PBXBuildFile; fileRef = DC799591227E835A00407F41 /* NSMutableAttributedString+ATKit.m */; };
		DC799595227E85A400407F41 /* NSBundle+ATKit.m in Sources */ = {isa = PBXBuildFile; fileRef = DC799594227E85A400407F41 /* NSBundle+ATKit.m */; };
		DC799598227E86ED00407F41 /* UIFont+ATKit.m in Sources */ = {isa = PBXBuildFile; fileRef = DC799597227E86ED00407F41 /* UIFont+ATKit.m */; };
		DC79959B227E8AE100407F41 /* UIColor+ATKit.m in Sources */ = {isa = PBXBuildFile; fileRef = DC79959A227E8AE100407F41 /* UIColor+ATKit.m */; };
		DC7995A0227E8CC900407F41 /* NSDateFormatter+ATKit.m in Sources */ = {isa = PBXBuildFile; fileRef = DC79959F227E8CC900407F41 /* NSDateFormatter+ATKit.m */; };
		DC7995A3227E8DCC00407F41 /* NSDictionary+ATKit.m in Sources */ = {isa = PBXBuildFile; fileRef = DC7995A2227E8DCC00407F41 /* NSDictionary+ATKit.m */; };
		DC7995A6227E8ED900407F41 /* NSArray+ATKit.m in Sources */ = {isa = PBXBuildFile; fileRef = DC7995A5227E8ED900407F41 /* NSArray+ATKit.m */; };
		DC7995A9227EB4EF00407F41 /* NSObject+ATKit.m in Sources */ = {isa = PBXBuildFile; fileRef = DC7995A8227EB4EF00407F41 /* NSObject+ATKit.m */; };
		DC7995AD227EBCC900407F41 /* ATWeakTimer.m in Sources */ = {isa = PBXBuildFile; fileRef = DC7995AC227EBCC900407F41 /* ATWeakTimer.m */; };
		DC7995AF227EC4F300407F41 /* ATWeakTimerTest.m in Sources */ = {isa = PBXBuildFile; fileRef = DC7995AE227EC4F300407F41 /* ATWeakTimerTest.m */; };
		DC7995B2227ED3BC00407F41 /* ATGCDTimer.m in Sources */ = {isa = PBXBuildFile; fileRef = DC7995B1227ED3BC00407F41 /* ATGCDTimer.m */; };
		DC7995B4227ED8F200407F41 /* ATGCDTimerTest.m in Sources */ = {isa = PBXBuildFile; fileRef = DC7995B3227ED8F200407F41 /* ATGCDTimerTest.m */; };
		DC7995B7227EDD1200407F41 /* ATWeakProxy.m in Sources */ = {isa = PBXBuildFile; fileRef = DC7995B6227EDD1200407F41 /* ATWeakProxy.m */; };
		DC7995BA227EE5B700407F41 /* ATTaskQueue.m in Sources */ = {isa = PBXBuildFile; fileRef = DC7995B9227EE5B700407F41 /* ATTaskQueue.m */; };
/* End PBXBuildFile section */

/* Begin PBXContainerItemProxy section */
		DC79957C2277E54300407F41 /* PBXContainerItemProxy */ = {
			isa = PBXContainerItemProxy;
			containerPortal = DC167A15227050780009D463 /* Project object */;
			proxyType = 1;
			remoteGlobalIDString = DC167A1C227050780009D463;
			remoteInfo = ATKit;
		};
/* End PBXContainerItemProxy section */

/* Begin PBXCopyFilesBuildPhase section */
		DC167A1B227050780009D463 /* CopyFiles */ = {
			isa = PBXCopyFilesBuildPhase;
			buildActionMask = 2147483647;
			dstPath = "include/$(PRODUCT_NAME)";
			dstSubfolderSpec = 16;
			files = (
				DC167A23227050780009D463 /* ATKit.h in CopyFiles */,
			);
			runOnlyForDeploymentPostprocessing = 0;
		};
/* End PBXCopyFilesBuildPhase section */

/* Begin PBXFileReference section */
		DC035FA9230EA3DE00F4CBE7 /* ATBlockNotificationCenter.h */ = {isa = PBXFileReference; lastKnownFileType = sourcecode.c.h; path = ATBlockNotificationCenter.h; sourceTree = "<group>"; };
		DC035FAA230EA3DE00F4CBE7 /* ATBlockNotificationCenter.m */ = {isa = PBXFileReference; lastKnownFileType = sourcecode.c.objc; path = ATBlockNotificationCenter.m; sourceTree = "<group>"; };
		DC035FBE2317E01000F4CBE7 /* ATTaskQueueTest.m */ = {isa = PBXFileReference; fileEncoding = 4; lastKnownFileType = sourcecode.c.objc; path = ATTaskQueueTest.m; sourceTree = "<group>"; };
		DC167A1D227050780009D463 /* libATKit.a */ = {isa = PBXFileReference; explicitFileType = archive.ar; includeInIndex = 0; path = libATKit.a; sourceTree = BUILT_PRODUCTS_DIR; };
		DC167A20227050780009D463 /* ATKit.h */ = {isa = PBXFileReference; lastKnownFileType = sourcecode.c.h; path = ATKit.h; sourceTree = "<group>"; };
		DC167A21227050780009D463 /* ATKit.m */ = {isa = PBXFileReference; lastKnownFileType = sourcecode.c.objc; path = ATKit.m; sourceTree = "<group>"; };
		DC2F9CD32273019A00DE1FF8 /* ATWeakObject.h */ = {isa = PBXFileReference; fileEncoding = 4; lastKnownFileType = sourcecode.c.h; path = ATWeakObject.h; sourceTree = "<group>"; };
		DC2F9CD42273019A00DE1FF8 /* ATWeakObject.m */ = {isa = PBXFileReference; fileEncoding = 4; lastKnownFileType = sourcecode.c.objc; path = ATWeakObject.m; sourceTree = "<group>"; };
		DC2F9CD82273019A00DE1FF8 /* ATGlobalMacro.h */ = {isa = PBXFileReference; fileEncoding = 4; lastKnownFileType = sourcecode.c.h; path = ATGlobalMacro.h; sourceTree = "<group>"; };
		DC2F9CDD2273039F00DE1FF8 /* ATModuleManager.m */ = {isa = PBXFileReference; fileEncoding = 4; lastKnownFileType = sourcecode.c.objc; path = ATModuleManager.m; sourceTree = "<group>"; };
		DC2F9CDE2273039F00DE1FF8 /* ATModuleManager.h */ = {isa = PBXFileReference; fileEncoding = 4; lastKnownFileType = sourcecode.c.h; path = ATModuleManager.h; sourceTree = "<group>"; };
		DC2F9CE422730B1600DE1FF8 /* ATProtocolManager.h */ = {isa = PBXFileReference; lastKnownFileType = sourcecode.c.h; path = ATProtocolManager.h; sourceTree = "<group>"; };
		DC2F9CE522730B1600DE1FF8 /* ATProtocolManager.m */ = {isa = PBXFileReference; lastKnownFileType = sourcecode.c.objc; path = ATProtocolManager.m; sourceTree = "<group>"; };
		DC431228244404920080D9F4 /* ATApiStrategy.h */ = {isa = PBXFileReference; lastKnownFileType = sourcecode.c.h; path = ATApiStrategy.h; sourceTree = "<group>"; };
		DC431229244404920080D9F4 /* ATApiStrategy.m */ = {isa = PBXFileReference; lastKnownFileType = sourcecode.c.objc; path = ATApiStrategy.m; sourceTree = "<group>"; };
		DC4D908C22D48F6100078C83 /* ATFileManager.h */ = {isa = PBXFileReference; lastKnownFileType = sourcecode.c.h; path = ATFileManager.h; sourceTree = "<group>"; };
		DC4D908D22D48F6100078C83 /* ATFileManager.m */ = {isa = PBXFileReference; lastKnownFileType = sourcecode.c.objc; path = ATFileManager.m; sourceTree = "<group>"; };
		DC4D909522D5DAD600078C83 /* ATRuntimeUtils.h */ = {isa = PBXFileReference; lastKnownFileType = sourcecode.c.h; path = ATRuntimeUtils.h; sourceTree = "<group>"; };
		DC4D909622D5DAD600078C83 /* ATRuntimeUtils.m */ = {isa = PBXFileReference; lastKnownFileType = sourcecode.c.objc; path = ATRuntimeUtils.m; sourceTree = "<group>"; };
		DC7995612275ADE100407F41 /* ATBaseViewController.h */ = {isa = PBXFileReference; lastKnownFileType = sourcecode.c.h; path = ATBaseViewController.h; sourceTree = "<group>"; };
		DC7995622275ADE100407F41 /* ATBaseViewController.m */ = {isa = PBXFileReference; lastKnownFileType = sourcecode.c.objc; path = ATBaseViewController.m; sourceTree = "<group>"; };
		DC79956B2275D1DE00407F41 /* ATComponentService.h */ = {isa = PBXFileReference; lastKnownFileType = sourcecode.c.h; path = ATComponentService.h; sourceTree = "<group>"; };
		DC79956C2275D1DE00407F41 /* ATComponentService.m */ = {isa = PBXFileReference; lastKnownFileType = sourcecode.c.objc; path = ATComponentService.m; sourceTree = "<group>"; };
		DC7995762277E54200407F41 /* ATKitUnitTest.xctest */ = {isa = PBXFileReference; explicitFileType = wrapper.cfbundle; includeInIndex = 0; path = ATKitUnitTest.xctest; sourceTree = BUILT_PRODUCTS_DIR; };
		DC79957A2277E54300407F41 /* Info.plist */ = {isa = PBXFileReference; lastKnownFileType = text.plist.xml; path = Info.plist; sourceTree = "<group>"; };
		DC7995862277FB1A00407F41 /* NSString+ATKit.h */ = {isa = PBXFileReference; lastKnownFileType = sourcecode.c.h; path = "NSString+ATKit.h"; sourceTree = "<group>"; };
		DC7995872277FB1A00407F41 /* NSString+ATKit.m */ = {isa = PBXFileReference; lastKnownFileType = sourcecode.c.objc; path = "NSString+ATKit.m"; sourceTree = "<group>"; };
		DC79958B227841BC00407F41 /* ATKitStringTest.m */ = {isa = PBXFileReference; lastKnownFileType = sourcecode.c.objc; path = ATKitStringTest.m; sourceTree = "<group>"; };
		DC799590227E835A00407F41 /* NSMutableAttributedString+ATKit.h */ = {isa = PBXFileReference; lastKnownFileType = sourcecode.c.h; path = "NSMutableAttributedString+ATKit.h"; sourceTree = "<group>"; };
		DC799591227E835A00407F41 /* NSMutableAttributedString+ATKit.m */ = {isa = PBXFileReference; lastKnownFileType = sourcecode.c.objc; path = "NSMutableAttributedString+ATKit.m"; sourceTree = "<group>"; };
		DC799593227E85A400407F41 /* NSBundle+ATKit.h */ = {isa = PBXFileReference; lastKnownFileType = sourcecode.c.h; path = "NSBundle+ATKit.h"; sourceTree = "<group>"; };
		DC799594227E85A400407F41 /* NSBundle+ATKit.m */ = {isa = PBXFileReference; lastKnownFileType = sourcecode.c.objc; path = "NSBundle+ATKit.m"; sourceTree = "<group>"; };
		DC799596227E86ED00407F41 /* UIFont+ATKit.h */ = {isa = PBXFileReference; lastKnownFileType = sourcecode.c.h; path = "UIFont+ATKit.h"; sourceTree = "<group>"; };
		DC799597227E86ED00407F41 /* UIFont+ATKit.m */ = {isa = PBXFileReference; lastKnownFileType = sourcecode.c.objc; path = "UIFont+ATKit.m"; sourceTree = "<group>"; };
		DC799599227E8AE100407F41 /* UIColor+ATKit.h */ = {isa = PBXFileReference; lastKnownFileType = sourcecode.c.h; path = "UIColor+ATKit.h"; sourceTree = "<group>"; };
		DC79959A227E8AE100407F41 /* UIColor+ATKit.m */ = {isa = PBXFileReference; lastKnownFileType = sourcecode.c.objc; path = "UIColor+ATKit.m"; sourceTree = "<group>"; };
		DC79959E227E8CC900407F41 /* NSDateFormatter+ATKit.h */ = {isa = PBXFileReference; lastKnownFileType = sourcecode.c.h; path = "NSDateFormatter+ATKit.h"; sourceTree = "<group>"; };
		DC79959F227E8CC900407F41 /* NSDateFormatter+ATKit.m */ = {isa = PBXFileReference; lastKnownFileType = sourcecode.c.objc; path = "NSDateFormatter+ATKit.m"; sourceTree = "<group>"; };
		DC7995A1227E8DCC00407F41 /* NSDictionary+ATKit.h */ = {isa = PBXFileReference; lastKnownFileType = sourcecode.c.h; path = "NSDictionary+ATKit.h"; sourceTree = "<group>"; };
		DC7995A2227E8DCC00407F41 /* NSDictionary+ATKit.m */ = {isa = PBXFileReference; lastKnownFileType = sourcecode.c.objc; path = "NSDictionary+ATKit.m"; sourceTree = "<group>"; };
		DC7995A4227E8ED900407F41 /* NSArray+ATKit.h */ = {isa = PBXFileReference; lastKnownFileType = sourcecode.c.h; path = "NSArray+ATKit.h"; sourceTree = "<group>"; };
		DC7995A5227E8ED900407F41 /* NSArray+ATKit.m */ = {isa = PBXFileReference; lastKnownFileType = sourcecode.c.objc; path = "NSArray+ATKit.m"; sourceTree = "<group>"; };
		DC7995A7227EB4EF00407F41 /* NSObject+ATKit.h */ = {isa = PBXFileReference; lastKnownFileType = sourcecode.c.h; path = "NSObject+ATKit.h"; sourceTree = "<group>"; };
		DC7995A8227EB4EF00407F41 /* NSObject+ATKit.m */ = {isa = PBXFileReference; lastKnownFileType = sourcecode.c.objc; path = "NSObject+ATKit.m"; sourceTree = "<group>"; };
		DC7995AB227EBCC800407F41 /* ATWeakTimer.h */ = {isa = PBXFileReference; lastKnownFileType = sourcecode.c.h; path = ATWeakTimer.h; sourceTree = "<group>"; };
		DC7995AC227EBCC900407F41 /* ATWeakTimer.m */ = {isa = PBXFileReference; lastKnownFileType = sourcecode.c.objc; path = ATWeakTimer.m; sourceTree = "<group>"; };
		DC7995AE227EC4F300407F41 /* ATWeakTimerTest.m */ = {isa = PBXFileReference; lastKnownFileType = sourcecode.c.objc; path = ATWeakTimerTest.m; sourceTree = "<group>"; };
		DC7995B0227ED3BC00407F41 /* ATGCDTimer.h */ = {isa = PBXFileReference; lastKnownFileType = sourcecode.c.h; path = ATGCDTimer.h; sourceTree = "<group>"; };
		DC7995B1227ED3BC00407F41 /* ATGCDTimer.m */ = {isa = PBXFileReference; lastKnownFileType = sourcecode.c.objc; path = ATGCDTimer.m; sourceTree = "<group>"; };
		DC7995B3227ED8F200407F41 /* ATGCDTimerTest.m */ = {isa = PBXFileReference; lastKnownFileType = sourcecode.c.objc; path = ATGCDTimerTest.m; sourceTree = "<group>"; };
		DC7995B5227EDD1200407F41 /* ATWeakProxy.h */ = {isa = PBXFileReference; lastKnownFileType = sourcecode.c.h; path = ATWeakProxy.h; sourceTree = "<group>"; };
		DC7995B6227EDD1200407F41 /* ATWeakProxy.m */ = {isa = PBXFileReference; lastKnownFileType = sourcecode.c.objc; path = ATWeakProxy.m; sourceTree = "<group>"; };
		DC7995B8227EE5B700407F41 /* ATTaskQueue.h */ = {isa = PBXFileReference; lastKnownFileType = sourcecode.c.h; path = ATTaskQueue.h; sourceTree = "<group>"; };
		DC7995B9227EE5B700407F41 /* ATTaskQueue.m */ = {isa = PBXFileReference; lastKnownFileType = sourcecode.c.objc; path = ATTaskQueue.m; sourceTree = "<group>"; };
/* End PBXFileReference section */

/* Begin PBXFrameworksBuildPhase section */
		DC167A1A227050780009D463 /* Frameworks */ = {
			isa = PBXFrameworksBuildPhase;
			buildActionMask = 2147483647;
			files = (
			);
			runOnlyForDeploymentPostprocessing = 0;
		};
		DC7995732277E54200407F41 /* Frameworks */ = {
			isa = PBXFrameworksBuildPhase;
			buildActionMask = 2147483647;
			files = (
				DC79957B2277E54300407F41 /* libATKit.a in Frameworks */,
			);
			runOnlyForDeploymentPostprocessing = 0;
		};
/* End PBXFrameworksBuildPhase section */

/* Begin PBXGroup section */
		DC167A14227050780009D463 = {
			isa = PBXGroup;
			children = (
				DC167A1F227050780009D463 /* ATKit */,
				DC7995772277E54200407F41 /* ATKitUnitTest */,
				DC167A1E227050780009D463 /* Products */,
			);
			sourceTree = "<group>";
		};
		DC167A1E227050780009D463 /* Products */ = {
			isa = PBXGroup;
			children = (
				DC167A1D227050780009D463 /* libATKit.a */,
				DC7995762277E54200407F41 /* ATKitUnitTest.xctest */,
			);
			name = Products;
			sourceTree = "<group>";
		};
		DC167A1F227050780009D463 /* ATKit */ = {
			isa = PBXGroup;
			children = (
				DC79955E2275ADAC00407F41 /* UI */,
				DC2F9CD12273019A00DE1FF8 /* Utility */,
				DC167A20227050780009D463 /* ATKit.h */,
				DC167A21227050780009D463 /* ATKit.m */,
			);
			path = ATKit;
			sourceTree = "<group>";
		};
		DC2F9CD12273019A00DE1FF8 /* Utility */ = {
			isa = PBXGroup;
			children = (
				DC4312272444047A0080D9F4 /* ApiStrategy */,
				DC5809FB23CEB4CB009CA8CD /* Macro */,
				DC4D909422D5DA8500078C83 /* Runtime */,
				DC4D908B22D48F3E00078C83 /* File */,
				DC7995BB227EE5C100407F41 /* TaskQueue */,
				DC7995AA227EBC7000407F41 /* Timer */,
				DC7995852277FAA700407F41 /* Category */,
				DC79956A2275CED000407F41 /* Component */,
				DC2F9CDB2273039F00DE1FF8 /* ModuleManager */,
				DC2F9CD52273019A00DE1FF8 /* Notification */,
				DC2F9CD22273019A00DE1FF8 /* WeakObject */,
			);
			path = Utility;
			sourceTree = "<group>";
		};
		DC2F9CD22273019A00DE1FF8 /* WeakObject */ = {
			isa = PBXGroup;
			children = (
				DC2F9CD32273019A00DE1FF8 /* ATWeakObject.h */,
				DC2F9CD42273019A00DE1FF8 /* ATWeakObject.m */,
				DC7995B5227EDD1200407F41 /* ATWeakProxy.h */,
				DC7995B6227EDD1200407F41 /* ATWeakProxy.m */,
			);
			path = WeakObject;
			sourceTree = "<group>";
		};
		DC2F9CD52273019A00DE1FF8 /* Notification */ = {
			isa = PBXGroup;
			children = (
				DC035FA9230EA3DE00F4CBE7 /* ATBlockNotificationCenter.h */,
				DC035FAA230EA3DE00F4CBE7 /* ATBlockNotificationCenter.m */,
			);
			path = Notification;
			sourceTree = "<group>";
		};
		DC2F9CDB2273039F00DE1FF8 /* ModuleManager */ = {
			isa = PBXGroup;
			children = (
				DC2F9CDE2273039F00DE1FF8 /* ATModuleManager.h */,
				DC2F9CDD2273039F00DE1FF8 /* ATModuleManager.m */,
				DC2F9CE422730B1600DE1FF8 /* ATProtocolManager.h */,
				DC2F9CE522730B1600DE1FF8 /* ATProtocolManager.m */,
			);
			path = ModuleManager;
			sourceTree = "<group>";
		};
		DC4312272444047A0080D9F4 /* ApiStrategy */ = {
			isa = PBXGroup;
			children = (
				DC431228244404920080D9F4 /* ATApiStrategy.h */,
				DC431229244404920080D9F4 /* ATApiStrategy.m */,
			);
			path = ApiStrategy;
			sourceTree = "<group>";
		};
		DC4D908B22D48F3E00078C83 /* File */ = {
			isa = PBXGroup;
			children = (
				DC4D908C22D48F6100078C83 /* ATFileManager.h */,
				DC4D908D22D48F6100078C83 /* ATFileManager.m */,
			);
			path = File;
			sourceTree = "<group>";
		};
		DC4D909422D5DA8500078C83 /* Runtime */ = {
			isa = PBXGroup;
			children = (
				DC4D909522D5DAD600078C83 /* ATRuntimeUtils.h */,
				DC4D909622D5DAD600078C83 /* ATRuntimeUtils.m */,
			);
			path = Runtime;
			sourceTree = "<group>";
		};
		DC5809FB23CEB4CB009CA8CD /* Macro */ = {
			isa = PBXGroup;
			children = (
				DC2F9CD82273019A00DE1FF8 /* ATGlobalMacro.h */,
			);
			path = Macro;
			sourceTree = "<group>";
		};
		DC79955E2275ADAC00407F41 /* UI */ = {
			isa = PBXGroup;
			children = (
				DC7995602275ADC400407F41 /* Base */,
			);
			path = UI;
			sourceTree = "<group>";
		};
		DC7995602275ADC400407F41 /* Base */ = {
			isa = PBXGroup;
			children = (
				DC7995612275ADE100407F41 /* ATBaseViewController.h */,
				DC7995622275ADE100407F41 /* ATBaseViewController.m */,
			);
			path = Base;
			sourceTree = "<group>";
		};
		DC79956A2275CED000407F41 /* Component */ = {
			isa = PBXGroup;
			children = (
				DC79956B2275D1DE00407F41 /* ATComponentService.h */,
				DC79956C2275D1DE00407F41 /* ATComponentService.m */,
			);
			path = Component;
			sourceTree = "<group>";
		};
		DC7995772277E54200407F41 /* ATKitUnitTest */ = {
			isa = PBXGroup;
			children = (
				DC7995B3227ED8F200407F41 /* ATGCDTimerTest.m */,
				DC79958B227841BC00407F41 /* ATKitStringTest.m */,
				DC035FBE2317E01000F4CBE7 /* ATTaskQueueTest.m */,
				DC7995AE227EC4F300407F41 /* ATWeakTimerTest.m */,
				DC79957A2277E54300407F41 /* Info.plist */,
			);
			path = ATKitUnitTest;
			sourceTree = "<group>";
		};
		DC7995852277FAA700407F41 /* Category */ = {
			isa = PBXGroup;
			children = (
				DC7995A7227EB4EF00407F41 /* NSObject+ATKit.h */,
				DC7995A8227EB4EF00407F41 /* NSObject+ATKit.m */,
				DC7995862277FB1A00407F41 /* NSString+ATKit.h */,
				DC7995872277FB1A00407F41 /* NSString+ATKit.m */,
				DC799590227E835A00407F41 /* NSMutableAttributedString+ATKit.h */,
				DC799591227E835A00407F41 /* NSMutableAttributedString+ATKit.m */,
				DC7995A4227E8ED900407F41 /* NSArray+ATKit.h */,
				DC7995A5227E8ED900407F41 /* NSArray+ATKit.m */,
				DC7995A1227E8DCC00407F41 /* NSDictionary+ATKit.h */,
				DC7995A2227E8DCC00407F41 /* NSDictionary+ATKit.m */,
				DC799593227E85A400407F41 /* NSBundle+ATKit.h */,
				DC799594227E85A400407F41 /* NSBundle+ATKit.m */,
				DC799596227E86ED00407F41 /* UIFont+ATKit.h */,
				DC799597227E86ED00407F41 /* UIFont+ATKit.m */,
				DC799599227E8AE100407F41 /* UIColor+ATKit.h */,
				DC79959A227E8AE100407F41 /* UIColor+ATKit.m */,
				DC79959E227E8CC900407F41 /* NSDateFormatter+ATKit.h */,
				DC79959F227E8CC900407F41 /* NSDateFormatter+ATKit.m */,
			);
			path = Category;
			sourceTree = "<group>";
		};
		DC7995AA227EBC7000407F41 /* Timer */ = {
			isa = PBXGroup;
			children = (
				DC7995AB227EBCC800407F41 /* ATWeakTimer.h */,
				DC7995AC227EBCC900407F41 /* ATWeakTimer.m */,
				DC7995B0227ED3BC00407F41 /* ATGCDTimer.h */,
				DC7995B1227ED3BC00407F41 /* ATGCDTimer.m */,
			);
			path = Timer;
			sourceTree = "<group>";
		};
		DC7995BB227EE5C100407F41 /* TaskQueue */ = {
			isa = PBXGroup;
			children = (
				DC7995B8227EE5B700407F41 /* ATTaskQueue.h */,
				DC7995B9227EE5B700407F41 /* ATTaskQueue.m */,
			);
			path = TaskQueue;
			sourceTree = "<group>";
		};
/* End PBXGroup section */

/* Begin PBXNativeTarget section */
		DC167A1C227050780009D463 /* ATKit */ = {
			isa = PBXNativeTarget;
			buildConfigurationList = DC167A26227050780009D463 /* Build configuration list for PBXNativeTarget "ATKit" */;
			buildPhases = (
				DC167A19227050780009D463 /* Sources */,
				DC167A1A227050780009D463 /* Frameworks */,
				DC167A1B227050780009D463 /* CopyFiles */,
			);
			buildRules = (
			);
			dependencies = (
			);
			name = ATKit;
			productName = ATKit;
			productReference = DC167A1D227050780009D463 /* libATKit.a */;
			productType = "com.apple.product-type.library.static";
		};
		DC7995752277E54200407F41 /* ATKitUnitTest */ = {
			isa = PBXNativeTarget;
			buildConfigurationList = DC79957E2277E54300407F41 /* Build configuration list for PBXNativeTarget "ATKitUnitTest" */;
			buildPhases = (
				DC7995722277E54200407F41 /* Sources */,
				DC7995732277E54200407F41 /* Frameworks */,
				DC7995742277E54200407F41 /* Resources */,
			);
			buildRules = (
			);
			dependencies = (
				DC79957D2277E54300407F41 /* PBXTargetDependency */,
			);
			name = ATKitUnitTest;
			productName = ATKitUnitTest;
			productReference = DC7995762277E54200407F41 /* ATKitUnitTest.xctest */;
			productType = "com.apple.product-type.bundle.unit-test";
		};
/* End PBXNativeTarget section */

/* Begin PBXProject section */
		DC167A15227050780009D463 /* Project object */ = {
			isa = PBXProject;
			attributes = {
				CLASSPREFIX = AT;
				LastUpgradeCheck = 1010;
				ORGANIZATIONNAME = linzhiman;
				TargetAttributes = {
					DC167A1C227050780009D463 = {
						CreatedOnToolsVersion = 10.1;
					};
					DC7995752277E54200407F41 = {
						CreatedOnToolsVersion = 10.1;
					};
				};
			};
			buildConfigurationList = DC167A18227050780009D463 /* Build configuration list for PBXProject "ATKit" */;
			compatibilityVersion = "Xcode 9.3";
			developmentRegion = en;
			hasScannedForEncodings = 0;
			knownRegions = (
				en,
			);
			mainGroup = DC167A14227050780009D463;
			productRefGroup = DC167A1E227050780009D463 /* Products */;
			projectDirPath = "";
			projectRoot = "";
			targets = (
				DC167A1C227050780009D463 /* ATKit */,
				DC7995752277E54200407F41 /* ATKitUnitTest */,
			);
		};
/* End PBXProject section */

/* Begin PBXResourcesBuildPhase section */
		DC7995742277E54200407F41 /* Resources */ = {
			isa = PBXResourcesBuildPhase;
			buildActionMask = 2147483647;
			files = (
			);
			runOnlyForDeploymentPostprocessing = 0;
		};
/* End PBXResourcesBuildPhase section */

/* Begin PBXSourcesBuildPhase section */
		DC167A19227050780009D463 /* Sources */ = {
			isa = PBXSourcesBuildPhase;
			buildActionMask = 2147483647;
			files = (
				DC799592227E835A00407F41 /* NSMutableAttributedString+ATKit.m in Sources */,
				DC4D908E22D48F6100078C83 /* ATFileManager.m in Sources */,
				DC7995BA227EE5B700407F41 /* ATTaskQueue.m in Sources */,
				DC43122A244404920080D9F4 /* ATApiStrategy.m in Sources */,
				DC7995632275ADE100407F41 /* ATBaseViewController.m in Sources */,
				DC7995A0227E8CC900407F41 /* NSDateFormatter+ATKit.m in Sources */,
				DC2F9CE622730B1600DE1FF8 /* ATProtocolManager.m in Sources */,
				DC167A22227050780009D463 /* ATKit.m in Sources */,
				DC7995A6227E8ED900407F41 /* NSArray+ATKit.m in Sources */,
				DC7995B2227ED3BC00407F41 /* ATGCDTimer.m in Sources */,
				DC799598227E86ED00407F41 /* UIFont+ATKit.m in Sources */,
				DC035FAB230EA3DE00F4CBE7 /* ATBlockNotificationCenter.m in Sources */,
				DC799595227E85A400407F41 /* NSBundle+ATKit.m in Sources */,
				DC4D909722D5DAD600078C83 /* ATRuntimeUtils.m in Sources */,
				DC2F9CDF2273039F00DE1FF8 /* ATModuleManager.m in Sources */,
				DC2F9CD92273019A00DE1FF8 /* ATWeakObject.m in Sources */,
				DC7995882277FB1A00407F41 /* NSString+ATKit.m in Sources */,
				DC79956D2275D1DE00407F41 /* ATComponentService.m in Sources */,
				DC7995A3227E8DCC00407F41 /* NSDictionary+ATKit.m in Sources */,
				DC79959B227E8AE100407F41 /* UIColor+ATKit.m in Sources */,
				DC7995A9227EB4EF00407F41 /* NSObject+ATKit.m in Sources */,
				DC7995B7227EDD1200407F41 /* ATWeakProxy.m in Sources */,
				DC7995AD227EBCC900407F41 /* ATWeakTimer.m in Sources */,
			);
			runOnlyForDeploymentPostprocessing = 0;
		};
		DC7995722277E54200407F41 /* Sources */ = {
			isa = PBXSourcesBuildPhase;
			buildActionMask = 2147483647;
			files = (
				DC79958C227841BC00407F41 /* ATKitStringTest.m in Sources */,
				DC7995AF227EC4F300407F41 /* ATWeakTimerTest.m in Sources */,
				DC7995B4227ED8F200407F41 /* ATGCDTimerTest.m in Sources */,
				DC035FBF2317E01000F4CBE7 /* ATTaskQueueTest.m in Sources */,
			);
			runOnlyForDeploymentPostprocessing = 0;
		};
/* End PBXSourcesBuildPhase section */

/* Begin PBXTargetDependency section */
		DC79957D2277E54300407F41 /* PBXTargetDependency */ = {
			isa = PBXTargetDependency;
			target = DC167A1C227050780009D463 /* ATKit */;
			targetProxy = DC79957C2277E54300407F41 /* PBXContainerItemProxy */;
		};
/* End PBXTargetDependency section */

/* Begin XCBuildConfiguration section */
		DC167A24227050780009D463 /* Debug */ = {
			isa = XCBuildConfiguration;
			buildSettings = {
				ALWAYS_SEARCH_USER_PATHS = NO;
				CLANG_ANALYZER_NONNULL = YES;
				CLANG_ANALYZER_NUMBER_OBJECT_CONVERSION = YES_AGGRESSIVE;
				CLANG_CXX_LANGUAGE_STANDARD = "gnu++14";
				CLANG_CXX_LIBRARY = "libc++";
				CLANG_ENABLE_MODULES = YES;
				CLANG_ENABLE_OBJC_ARC = YES;
				CLANG_ENABLE_OBJC_WEAK = YES;
				CLANG_WARN_BLOCK_CAPTURE_AUTORELEASING = YES;
				CLANG_WARN_BOOL_CONVERSION = YES;
				CLANG_WARN_COMMA = YES;
				CLANG_WARN_CONSTANT_CONVERSION = YES;
				CLANG_WARN_DEPRECATED_OBJC_IMPLEMENTATIONS = YES;
				CLANG_WARN_DIRECT_OBJC_ISA_USAGE = YES_ERROR;
				CLANG_WARN_DOCUMENTATION_COMMENTS = YES;
				CLANG_WARN_EMPTY_BODY = YES;
				CLANG_WARN_ENUM_CONVERSION = YES;
				CLANG_WARN_INFINITE_RECURSION = YES;
				CLANG_WARN_INT_CONVERSION = YES;
				CLANG_WARN_NON_LITERAL_NULL_CONVERSION = YES;
				CLANG_WARN_OBJC_IMPLICIT_RETAIN_SELF = YES;
				CLANG_WARN_OBJC_LITERAL_CONVERSION = YES;
				CLANG_WARN_OBJC_ROOT_CLASS = YES_ERROR;
				CLANG_WARN_RANGE_LOOP_ANALYSIS = YES;
				CLANG_WARN_STRICT_PROTOTYPES = YES;
				CLANG_WARN_SUSPICIOUS_MOVE = YES;
				CLANG_WARN_UNGUARDED_AVAILABILITY = YES_AGGRESSIVE;
				CLANG_WARN_UNREACHABLE_CODE = YES;
				CLANG_WARN__DUPLICATE_METHOD_MATCH = YES;
				CODE_SIGN_IDENTITY = "iPhone Developer";
				COPY_PHASE_STRIP = NO;
				DEBUG_INFORMATION_FORMAT = dwarf;
				ENABLE_STRICT_OBJC_MSGSEND = YES;
				ENABLE_TESTABILITY = YES;
				GCC_C_LANGUAGE_STANDARD = gnu11;
				GCC_DYNAMIC_NO_PIC = NO;
				GCC_NO_COMMON_BLOCKS = YES;
				GCC_OPTIMIZATION_LEVEL = 0;
				GCC_PREPROCESSOR_DEFINITIONS = (
					"DEBUG=1",
					"$(inherited)",
				);
				GCC_WARN_64_TO_32_BIT_CONVERSION = YES;
				GCC_WARN_ABOUT_RETURN_TYPE = YES_ERROR;
				GCC_WARN_UNDECLARED_SELECTOR = YES;
				GCC_WARN_UNINITIALIZED_AUTOS = YES_AGGRESSIVE;
				GCC_WARN_UNUSED_FUNCTION = YES;
				GCC_WARN_UNUSED_VARIABLE = YES;
				IPHONEOS_DEPLOYMENT_TARGET = 9.0;
				MTL_ENABLE_DEBUG_INFO = INCLUDE_SOURCE;
				MTL_FAST_MATH = YES;
				ONLY_ACTIVE_ARCH = YES;
				SDKROOT = iphoneos;
			};
			name = Debug;
		};
		DC167A25227050780009D463 /* Release */ = {
			isa = XCBuildConfiguration;
			buildSettings = {
				ALWAYS_SEARCH_USER_PATHS = NO;
				CLANG_ANALYZER_NONNULL = YES;
				CLANG_ANALYZER_NUMBER_OBJECT_CONVERSION = YES_AGGRESSIVE;
				CLANG_CXX_LANGUAGE_STANDARD = "gnu++14";
				CLANG_CXX_LIBRARY = "libc++";
				CLANG_ENABLE_MODULES = YES;
				CLANG_ENABLE_OBJC_ARC = YES;
				CLANG_ENABLE_OBJC_WEAK = YES;
				CLANG_WARN_BLOCK_CAPTURE_AUTORELEASING = YES;
				CLANG_WARN_BOOL_CONVERSION = YES;
				CLANG_WARN_COMMA = YES;
				CLANG_WARN_CONSTANT_CONVERSION = YES;
				CLANG_WARN_DEPRECATED_OBJC_IMPLEMENTATIONS = YES;
				CLANG_WARN_DIRECT_OBJC_ISA_USAGE = YES_ERROR;
				CLANG_WARN_DOCUMENTATION_COMMENTS = YES;
				CLANG_WARN_EMPTY_BODY = YES;
				CLANG_WARN_ENUM_CONVERSION = YES;
				CLANG_WARN_INFINITE_RECURSION = YES;
				CLANG_WARN_INT_CONVERSION = YES;
				CLANG_WARN_NON_LITERAL_NULL_CONVERSION = YES;
				CLANG_WARN_OBJC_IMPLICIT_RETAIN_SELF = YES;
				CLANG_WARN_OBJC_LITERAL_CONVERSION = YES;
				CLANG_WARN_OBJC_ROOT_CLASS = YES_ERROR;
				CLANG_WARN_RANGE_LOOP_ANALYSIS = YES;
				CLANG_WARN_STRICT_PROTOTYPES = YES;
				CLANG_WARN_SUSPICIOUS_MOVE = YES;
				CLANG_WARN_UNGUARDED_AVAILABILITY = YES_AGGRESSIVE;
				CLANG_WARN_UNREACHABLE_CODE = YES;
				CLANG_WARN__DUPLICATE_METHOD_MATCH = YES;
				CODE_SIGN_IDENTITY = "iPhone Developer";
				COPY_PHASE_STRIP = NO;
				DEBUG_INFORMATION_FORMAT = "dwarf-with-dsym";
				ENABLE_NS_ASSERTIONS = NO;
				ENABLE_STRICT_OBJC_MSGSEND = YES;
				GCC_C_LANGUAGE_STANDARD = gnu11;
				GCC_NO_COMMON_BLOCKS = YES;
				GCC_WARN_64_TO_32_BIT_CONVERSION = YES;
				GCC_WARN_ABOUT_RETURN_TYPE = YES_ERROR;
				GCC_WARN_UNDECLARED_SELECTOR = YES;
				GCC_WARN_UNINITIALIZED_AUTOS = YES_AGGRESSIVE;
				GCC_WARN_UNUSED_FUNCTION = YES;
				GCC_WARN_UNUSED_VARIABLE = YES;
				IPHONEOS_DEPLOYMENT_TARGET = 9.0;
				MTL_ENABLE_DEBUG_INFO = NO;
				MTL_FAST_MATH = YES;
				SDKROOT = iphoneos;
				VALIDATE_PRODUCT = YES;
			};
			name = Release;
		};
		DC167A27227050780009D463 /* Debug */ = {
			isa = XCBuildConfiguration;
			buildSettings = {
				CODE_SIGN_STYLE = Automatic;
				OTHER_LDFLAGS = "-ObjC";
				PRODUCT_NAME = "$(TARGET_NAME)";
				SKIP_INSTALL = YES;
				TARGETED_DEVICE_FAMILY = "1,2";
			};
			name = Debug;
		};
		DC167A28227050780009D463 /* Release */ = {
			isa = XCBuildConfiguration;
			buildSettings = {
				CODE_SIGN_STYLE = Automatic;
				OTHER_LDFLAGS = "-ObjC";
				PRODUCT_NAME = "$(TARGET_NAME)";
				SKIP_INSTALL = YES;
				TARGETED_DEVICE_FAMILY = "1,2";
			};
			name = Release;
		};
		DC79957F2277E54300407F41 /* Debug */ = {
			isa = XCBuildConfiguration;
			buildSettings = {
				CODE_SIGN_STYLE = Automatic;
				HEADER_SEARCH_PATHS = "$(SRCROOT)/../ATKit/**";
				INFOPLIST_FILE = ATKitUnitTest/Info.plist;
				IPHONEOS_DEPLOYMENT_TARGET = 12.1;
				LD_RUNPATH_SEARCH_PATHS = (
					"$(inherited)",
					"@executable_path/Frameworks",
					"@loader_path/Frameworks",
				);
				OTHER_LDFLAGS = "-ObjC";
				PRODUCT_BUNDLE_IDENTIFIER = linzhiman.ATKitUnitTest;
				PRODUCT_NAME = "$(TARGET_NAME)";
				TARGETED_DEVICE_FAMILY = "1,2";
			};
			name = Debug;
		};
		DC7995802277E54300407F41 /* Release */ = {
			isa = XCBuildConfiguration;
			buildSettings = {
				CODE_SIGN_STYLE = Automatic;
				HEADER_SEARCH_PATHS = "$(SRCROOT)/../ATKit/**";
				INFOPLIST_FILE = ATKitUnitTest/Info.plist;
				IPHONEOS_DEPLOYMENT_TARGET = 12.1;
				LD_RUNPATH_SEARCH_PATHS = (
					"$(inherited)",
					"@executable_path/Frameworks",
					"@loader_path/Frameworks",
				);
				OTHER_LDFLAGS = "-ObjC";
				PRODUCT_BUNDLE_IDENTIFIER = linzhiman.ATKitUnitTest;
				PRODUCT_NAME = "$(TARGET_NAME)";
				TARGETED_DEVICE_FAMILY = "1,2";
			};
			name = Release;
		};
/* End XCBuildConfiguration section */

/* Begin XCConfigurationList section */
		DC167A18227050780009D463 /* Build configuration list for PBXProject "ATKit" */ = {
			isa = XCConfigurationList;
			buildConfigurations = (
				DC167A24227050780009D463 /* Debug */,
				DC167A25227050780009D463 /* Release */,
			);
			defaultConfigurationIsVisible = 0;
			defaultConfigurationName = Release;
		};
		DC167A26227050780009D463 /* Build configuration list for PBXNativeTarget "ATKit" */ = {
			isa = XCConfigurationList;
			buildConfigurations = (
				DC167A27227050780009D463 /* Debug */,
				DC167A28227050780009D463 /* Release */,
			);
			defaultConfigurationIsVisible = 0;
			defaultConfigurationName = Release;
		};
		DC79957E2277E54300407F41 /* Build configuration list for PBXNativeTarget "ATKitUnitTest" */ = {
			isa = XCConfigurationList;
			buildConfigurations = (
				DC79957F2277E54300407F41 /* Debug */,
				DC7995802277E54300407F41 /* Release */,
			);
			defaultConfigurationIsVisible = 0;
			defaultConfigurationName = Release;
		};
/* End XCConfigurationList section */
	};
	rootObject = DC167A15227050780009D463 /* Project object */;
}
