// !$*UTF8*$!
{
	archiveVersion = 1;
	classes = {
	};
	objectVersion = 50;
	objects = {

/* Begin PBXBuildFile section */
		DC2F9CF82273124D00DE1FF8 /* AppDelegate.m in Sources */ = {isa = PBXBuildFile; fileRef = DC2F9CF72273124D00DE1FF8 /* AppDelegate.m */; };
		DC2F9CFB2273124D00DE1FF8 /* ViewController.m in Sources */ = {isa = PBXBuildFile; fileRef = DC2F9CFA2273124D00DE1FF8 /* ViewController.m */; };
		DC2F9CFE2273124D00DE1FF8 /* Main.storyboard in Resources */ = {isa = PBXBuildFile; fileRef = DC2F9CFC2273124D00DE1FF8 /* Main.storyboard */; };
		DC2F9D002273124F00DE1FF8 /* Assets.xcassets in Resources */ = {isa = PBXBuildFile; fileRef = DC2F9CFF2273124F00DE1FF8 /* Assets.xcassets */; };
		DC2F9D032273124F00DE1FF8 /* LaunchScreen.storyboard in Resources */ = {isa = PBXBuildFile; fileRef = DC2F9D012273124F00DE1FF8 /* LaunchScreen.storyboard */; };
		DC2F9D062273124F00DE1FF8 /* main.m in Sources */ = {isa = PBXBuildFile; fileRef = DC2F9D052273124F00DE1FF8 /* main.m */; };
		DC2F9D15227312FF00DE1FF8 /* libATKit.a in Frameworks */ = {isa = PBXBuildFile; fileRef = DC2F9D11227312D000DE1FF8 /* libATKit.a */; };
		DC2F9D192273136000DE1FF8 /* ATKitNotificationDemo.m in Sources */ = {isa = PBXBuildFile; fileRef = DC2F9D182273136000DE1FF8 /* ATKitNotificationDemo.m */; };
		DC2F9D1C227543FC00DE1FF8 /* ATKitModuleManagerDemo.m in Sources */ = {isa = PBXBuildFile; fileRef = DC2F9D1B227543FC00DE1FF8 /* ATKitModuleManagerDemo.m */; };
/* End PBXBuildFile section */

/* Begin PBXContainerItemProxy section */
		DC2F9D10227312D000DE1FF8 /* PBXContainerItemProxy */ = {
			isa = PBXContainerItemProxy;
			containerPortal = DC2F9D0C227312D000DE1FF8 /* ATKit.xcodeproj */;
			proxyType = 2;
			remoteGlobalIDString = DC167A1D227050780009D463;
			remoteInfo = ATKit;
		};
		DC2F9D12227312F900DE1FF8 /* PBXContainerItemProxy */ = {
			isa = PBXContainerItemProxy;
			containerPortal = DC2F9D0C227312D000DE1FF8 /* ATKit.xcodeproj */;
			proxyType = 1;
			remoteGlobalIDString = DC167A1C227050780009D463;
			remoteInfo = ATKit;
		};
/* End PBXContainerItemProxy section */

/* Begin PBXFileReference section */
		DC2F9CF32273124D00DE1FF8 /* ATKitDemo.app */ = {isa = PBXFileReference; explicitFileType = wrapper.application; includeInIndex = 0; path = ATKitDemo.app; sourceTree = BUILT_PRODUCTS_DIR; };
		DC2F9CF62273124D00DE1FF8 /* AppDelegate.h */ = {isa = PBXFileReference; lastKnownFileType = sourcecode.c.h; path = AppDelegate.h; sourceTree = "<group>"; };
		DC2F9CF72273124D00DE1FF8 /* AppDelegate.m */ = {isa = PBXFileReference; lastKnownFileType = sourcecode.c.objc; path = AppDelegate.m; sourceTree = "<group>"; };
		DC2F9CF92273124D00DE1FF8 /* ViewController.h */ = {isa = PBXFileReference; lastKnownFileType = sourcecode.c.h; path = ViewController.h; sourceTree = "<group>"; };
		DC2F9CFA2273124D00DE1FF8 /* ViewController.m */ = {isa = PBXFileReference; lastKnownFileType = sourcecode.c.objc; path = ViewController.m; sourceTree = "<group>"; };
		DC2F9CFD2273124D00DE1FF8 /* Base */ = {isa = PBXFileReference; lastKnownFileType = file.storyboard; name = Base; path = Base.lproj/Main.storyboard; sourceTree = "<group>"; };
		DC2F9CFF2273124F00DE1FF8 /* Assets.xcassets */ = {isa = PBXFileReference; lastKnownFileType = folder.assetcatalog; path = Assets.xcassets; sourceTree = "<group>"; };
		DC2F9D022273124F00DE1FF8 /* Base */ = {isa = PBXFileReference; lastKnownFileType = file.storyboard; name = Base; path = Base.lproj/LaunchScreen.storyboard; sourceTree = "<group>"; };
		DC2F9D042273124F00DE1FF8 /* Info.plist */ = {isa = PBXFileReference; lastKnownFileType = text.plist.xml; path = Info.plist; sourceTree = "<group>"; };
		DC2F9D052273124F00DE1FF8 /* main.m */ = {isa = PBXFileReference; lastKnownFileType = sourcecode.c.objc; path = main.m; sourceTree = "<group>"; };
		DC2F9D0C227312D000DE1FF8 /* ATKit.xcodeproj */ = {isa = PBXFileReference; lastKnownFileType = "wrapper.pb-project"; name = ATKit.xcodeproj; path = ../ATKit.xcodeproj; sourceTree = "<group>"; };
		DC2F9D172273136000DE1FF8 /* ATKitNotificationDemo.h */ = {isa = PBXFileReference; lastKnownFileType = sourcecode.c.h; path = ATKitNotificationDemo.h; sourceTree = "<group>"; };
		DC2F9D182273136000DE1FF8 /* ATKitNotificationDemo.m */ = {isa = PBXFileReference; lastKnownFileType = sourcecode.c.objc; path = ATKitNotificationDemo.m; sourceTree = "<group>"; };
		DC2F9D1A227543FC00DE1FF8 /* ATKitModuleManagerDemo.h */ = {isa = PBXFileReference; lastKnownFileType = sourcecode.c.h; path = ATKitModuleManagerDemo.h; sourceTree = "<group>"; };
		DC2F9D1B227543FC00DE1FF8 /* ATKitModuleManagerDemo.m */ = {isa = PBXFileReference; lastKnownFileType = sourcecode.c.objc; path = ATKitModuleManagerDemo.m; sourceTree = "<group>"; };
/* End PBXFileReference section */

/* Begin PBXFrameworksBuildPhase section */
		DC2F9CF02273124D00DE1FF8 /* Frameworks */ = {
			isa = PBXFrameworksBuildPhase;
			buildActionMask = 2147483647;
			files = (
				DC2F9D15227312FF00DE1FF8 /* libATKit.a in Frameworks */,
			);
			runOnlyForDeploymentPostprocessing = 0;
		};
/* End PBXFrameworksBuildPhase section */

/* Begin PBXGroup section */
		DC2F9CEA2273124C00DE1FF8 = {
			isa = PBXGroup;
			children = (
				DC2F9D0C227312D000DE1FF8 /* ATKit.xcodeproj */,
				DC2F9CF52273124D00DE1FF8 /* ATKitDemo */,
				DC2F9CF42273124D00DE1FF8 /* Products */,
				DC2F9D14227312FF00DE1FF8 /* Frameworks */,
			);
			sourceTree = "<group>";
		};
		DC2F9CF42273124D00DE1FF8 /* Products */ = {
			isa = PBXGroup;
			children = (
				DC2F9CF32273124D00DE1FF8 /* ATKitDemo.app */,
			);
			name = Products;
			sourceTree = "<group>";
		};
		DC2F9CF52273124D00DE1FF8 /* ATKitDemo */ = {
			isa = PBXGroup;
			children = (
				DC2F9D162273132600DE1FF8 /* ATKit */,
				DC2F9CF62273124D00DE1FF8 /* AppDelegate.h */,
				DC2F9CF72273124D00DE1FF8 /* AppDelegate.m */,
				DC2F9CF92273124D00DE1FF8 /* ViewController.h */,
				DC2F9CFA2273124D00DE1FF8 /* ViewController.m */,
				DC2F9CFC2273124D00DE1FF8 /* Main.storyboard */,
				DC2F9CFF2273124F00DE1FF8 /* Assets.xcassets */,
				DC2F9D012273124F00DE1FF8 /* LaunchScreen.storyboard */,
				DC2F9D042273124F00DE1FF8 /* Info.plist */,
				DC2F9D052273124F00DE1FF8 /* main.m */,
			);
			path = ATKitDemo;
			sourceTree = "<group>";
		};
		DC2F9D0D227312D000DE1FF8 /* Products */ = {
			isa = PBXGroup;
			children = (
				DC2F9D11227312D000DE1FF8 /* libATKit.a */,
			);
			name = Products;
			sourceTree = "<group>";
		};
		DC2F9D14227312FF00DE1FF8 /* Frameworks */ = {
			isa = PBXGroup;
			children = (
			);
			name = Frameworks;
			sourceTree = "<group>";
		};
		DC2F9D162273132600DE1FF8 /* ATKit */ = {
			isa = PBXGroup;
			children = (
				DC2F9D172273136000DE1FF8 /* ATKitNotificationDemo.h */,
				DC2F9D182273136000DE1FF8 /* ATKitNotificationDemo.m */,
				DC2F9D1A227543FC00DE1FF8 /* ATKitModuleManagerDemo.h */,
				DC2F9D1B227543FC00DE1FF8 /* ATKitModuleManagerDemo.m */,
			);
			path = ATKit;
			sourceTree = "<group>";
		};
/* End PBXGroup section */

/* Begin PBXNativeTarget section */
		DC2F9CF22273124D00DE1FF8 /* ATKitDemo */ = {
			isa = PBXNativeTarget;
			buildConfigurationList = DC2F9D092273124F00DE1FF8 /* Build configuration list for PBXNativeTarget "ATKitDemo" */;
			buildPhases = (
				DC2F9CEF2273124D00DE1FF8 /* Sources */,
				DC2F9CF02273124D00DE1FF8 /* Frameworks */,
				DC2F9CF12273124D00DE1FF8 /* Resources */,
			);
			buildRules = (
			);
			dependencies = (
				DC2F9D13227312F900DE1FF8 /* PBXTargetDependency */,
			);
			name = ATKitDemo;
			productName = ATKitDemo;
			productReference = DC2F9CF32273124D00DE1FF8 /* ATKitDemo.app */;
			productType = "com.apple.product-type.application";
		};
/* End PBXNativeTarget section */

/* Begin PBXProject section */
		DC2F9CEB2273124C00DE1FF8 /* Project object */ = {
			isa = PBXProject;
			attributes = {
				CLASSPREFIX = ATKit;
				LastUpgradeCheck = 1010;
				ORGANIZATIONNAME = linzhiman;
				TargetAttributes = {
					DC2F9CF22273124D00DE1FF8 = {
						CreatedOnToolsVersion = 10.1;
					};
				};
			};
			buildConfigurationList = DC2F9CEE2273124C00DE1FF8 /* Build configuration list for PBXProject "ATKitDemo" */;
			compatibilityVersion = "Xcode 9.3";
			developmentRegion = en;
			hasScannedForEncodings = 0;
			knownRegions = (
				en,
				Base,
			);
			mainGroup = DC2F9CEA2273124C00DE1FF8;
			productRefGroup = DC2F9CF42273124D00DE1FF8 /* Products */;
			projectDirPath = "";
			projectReferences = (
				{
					ProductGroup = DC2F9D0D227312D000DE1FF8 /* Products */;
					ProjectRef = DC2F9D0C227312D000DE1FF8 /* ATKit.xcodeproj */;
				},
			);
			projectRoot = "";
			targets = (
				DC2F9CF22273124D00DE1FF8 /* ATKitDemo */,
			);
		};
/* End PBXProject section */

/* Begin PBXReferenceProxy section */
		DC2F9D11227312D000DE1FF8 /* libATKit.a */ = {
			isa = PBXReferenceProxy;
			fileType = archive.ar;
			path = libATKit.a;
			remoteRef = DC2F9D10227312D000DE1FF8 /* PBXContainerItemProxy */;
			sourceTree = BUILT_PRODUCTS_DIR;
		};
/* End PBXReferenceProxy section */

/* Begin PBXResourcesBuildPhase section */
		DC2F9CF12273124D00DE1FF8 /* Resources */ = {
			isa = PBXResourcesBuildPhase;
			buildActionMask = 2147483647;
			files = (
				DC2F9D032273124F00DE1FF8 /* LaunchScreen.storyboard in Resources */,
				DC2F9D002273124F00DE1FF8 /* Assets.xcassets in Resources */,
				DC2F9CFE2273124D00DE1FF8 /* Main.storyboard in Resources */,
			);
			runOnlyForDeploymentPostprocessing = 0;
		};
/* End PBXResourcesBuildPhase section */

/* Begin PBXSourcesBuildPhase section */
		DC2F9CEF2273124D00DE1FF8 /* Sources */ = {
			isa = PBXSourcesBuildPhase;
			buildActionMask = 2147483647;
			files = (
				DC2F9CFB2273124D00DE1FF8 /* ViewController.m in Sources */,
				DC2F9D062273124F00DE1FF8 /* main.m in Sources */,
				DC2F9D1C227543FC00DE1FF8 /* ATKitModuleManagerDemo.m in Sources */,
				DC2F9CF82273124D00DE1FF8 /* AppDelegate.m in Sources */,
				DC2F9D192273136000DE1FF8 /* ATKitNotificationDemo.m in Sources */,
			);
			runOnlyForDeploymentPostprocessing = 0;
		};
/* End PBXSourcesBuildPhase section */

/* Begin PBXTargetDependency section */
		DC2F9D13227312F900DE1FF8 /* PBXTargetDependency */ = {
			isa = PBXTargetDependency;
			name = ATKit;
			targetProxy = DC2F9D12227312F900DE1FF8 /* PBXContainerItemProxy */;
		};
/* End PBXTargetDependency section */

/* Begin PBXVariantGroup section */
		DC2F9CFC2273124D00DE1FF8 /* Main.storyboard */ = {
			isa = PBXVariantGroup;
			children = (
				DC2F9CFD2273124D00DE1FF8 /* Base */,
			);
			name = Main.storyboard;
			sourceTree = "<group>";
		};
		DC2F9D012273124F00DE1FF8 /* LaunchScreen.storyboard */ = {
			isa = PBXVariantGroup;
			children = (
				DC2F9D022273124F00DE1FF8 /* Base */,
			);
			name = LaunchScreen.storyboard;
			sourceTree = "<group>";
		};
/* End PBXVariantGroup section */

/* Begin XCBuildConfiguration section */
		DC2F9D072273124F00DE1FF8 /* Debug */ = {
			isa = XCBuildConfiguration;
			buildSettings = {
				ALWAYS_SEARCH_USER_PATHS = NO;
				CLANG_ANALYZER_NONNULL = YES;
				CLANG_ANALYZER_NUMBER_OBJECT_CONVERSION = YES_AGGRESSIVE;
				CLANG_CXX_LANGUAGE_STANDARD = "gnu++14";
				CLANG_CXX_LIBRARY = "libc++";
				CLANG_ENABLE_MODULES = YES;
				CLANG_ENABLE_OBJC_ARC = YES;
				CLANG_ENABLE_OBJC_WEAK = YES;
				CLANG_WARN_BLOCK_CAPTURE_AUTORELEASING = YES;
				CLANG_WARN_BOOL_CONVERSION = YES;
				CLANG_WARN_COMMA = YES;
				CLANG_WARN_CONSTANT_CONVERSION = YES;
				CLANG_WARN_DEPRECATED_OBJC_IMPLEMENTATIONS = YES;
				CLANG_WARN_DIRECT_OBJC_ISA_USAGE = YES_ERROR;
				CLANG_WARN_DOCUMENTATION_COMMENTS = YES;
				CLANG_WARN_EMPTY_BODY = YES;
				CLANG_WARN_ENUM_CONVERSION = YES;
				CLANG_WARN_INFINITE_RECURSION = YES;
				CLANG_WARN_INT_CONVERSION = YES;
				CLANG_WARN_NON_LITERAL_NULL_CONVERSION = YES;
				CLANG_WARN_OBJC_IMPLICIT_RETAIN_SELF = YES;
				CLANG_WARN_OBJC_LITERAL_CONVERSION = YES;
				CLANG_WARN_OBJC_ROOT_CLASS = YES_ERROR;
				CLANG_WARN_RANGE_LOOP_ANALYSIS = YES;
				CLANG_WARN_STRICT_PROTOTYPES = YES;
				CLANG_WARN_SUSPICIOUS_MOVE = YES;
				CLANG_WARN_UNGUARDED_AVAILABILITY = YES_AGGRESSIVE;
				CLANG_WARN_UNREACHABLE_CODE = YES;
				CLANG_WARN__DUPLICATE_METHOD_MATCH = YES;
				CODE_SIGN_IDENTITY = "iPhone Developer";
				COPY_PHASE_STRIP = NO;
				DEBUG_INFORMATION_FORMAT = dwarf;
				ENABLE_STRICT_OBJC_MSGSEND = YES;
				ENABLE_TESTABILITY = YES;
				GCC_C_LANGUAGE_STANDARD = gnu11;
				GCC_DYNAMIC_NO_PIC = NO;
				GCC_NO_COMMON_BLOCKS = YES;
				GCC_OPTIMIZATION_LEVEL = 0;
				GCC_PREPROCESSOR_DEFINITIONS = (
					"DEBUG=1",
					"$(inherited)",
				);
				GCC_WARN_64_TO_32_BIT_CONVERSION = YES;
				GCC_WARN_ABOUT_RETURN_TYPE = YES_ERROR;
				GCC_WARN_UNDECLARED_SELECTOR = YES;
				GCC_WARN_UNINITIALIZED_AUTOS = YES_AGGRESSIVE;
				GCC_WARN_UNUSED_FUNCTION = YES;
				GCC_WARN_UNUSED_VARIABLE = YES;
				IPHONEOS_DEPLOYMENT_TARGET = 9.0;
				MTL_ENABLE_DEBUG_INFO = INCLUDE_SOURCE;
				MTL_FAST_MATH = YES;
				ONLY_ACTIVE_ARCH = YES;
				SDKROOT = iphoneos;
			};
			name = Debug;
		};
		DC2F9D082273124F00DE1FF8 /* Release */ = {
			isa = XCBuildConfiguration;
			buildSettings = {
				ALWAYS_SEARCH_USER_PATHS = NO;
				CLANG_ANALYZER_NONNULL = YES;
				CLANG_ANALYZER_NUMBER_OBJECT_CONVERSION = YES_AGGRESSIVE;
				CLANG_CXX_LANGUAGE_STANDARD = "gnu++14";
				CLANG_CXX_LIBRARY = "libc++";
				CLANG_ENABLE_MODULES = YES;
				CLANG_ENABLE_OBJC_ARC = YES;
				CLANG_ENABLE_OBJC_WEAK = YES;
				CLANG_WARN_BLOCK_CAPTURE_AUTORELEASING = YES;
				CLANG_WARN_BOOL_CONVERSION = YES;
				CLANG_WARN_COMMA = YES;
				CLANG_WARN_CONSTANT_CONVERSION = YES;
				CLANG_WARN_DEPRECATED_OBJC_IMPLEMENTATIONS = YES;
				CLANG_WARN_DIRECT_OBJC_ISA_USAGE = YES_ERROR;
				CLANG_WARN_DOCUMENTATION_COMMENTS = YES;
				CLANG_WARN_EMPTY_BODY = YES;
				CLANG_WARN_ENUM_CONVERSION = YES;
				CLANG_WARN_INFINITE_RECURSION = YES;
				CLANG_WARN_INT_CONVERSION = YES;
				CLANG_WARN_NON_LITERAL_NULL_CONVERSION = YES;
				CLANG_WARN_OBJC_IMPLICIT_RETAIN_SELF = YES;
				CLANG_WARN_OBJC_LITERAL_CONVERSION = YES;
				CLANG_WARN_OBJC_ROOT_CLASS = YES_ERROR;
				CLANG_WARN_RANGE_LOOP_ANALYSIS = YES;
				CLANG_WARN_STRICT_PROTOTYPES = YES;
				CLANG_WARN_SUSPICIOUS_MOVE = YES;
				CLANG_WARN_UNGUARDED_AVAILABILITY = YES_AGGRESSIVE;
				CLANG_WARN_UNREACHABLE_CODE = YES;
				CLANG_WARN__DUPLICATE_METHOD_MATCH = YES;
				CODE_SIGN_IDENTITY = "iPhone Developer";
				COPY_PHASE_STRIP = NO;
				DEBUG_INFORMATION_FORMAT = "dwarf-with-dsym";
				ENABLE_NS_ASSERTIONS = NO;
				ENABLE_STRICT_OBJC_MSGSEND = YES;
				GCC_C_LANGUAGE_STANDARD = gnu11;
				GCC_NO_COMMON_BLOCKS = YES;
				GCC_WARN_64_TO_32_BIT_CONVERSION = YES;
				GCC_WARN_ABOUT_RETURN_TYPE = YES_ERROR;
				GCC_WARN_UNDECLARED_SELECTOR = YES;
				GCC_WARN_UNINITIALIZED_AUTOS = YES_AGGRESSIVE;
				GCC_WARN_UNUSED_FUNCTION = YES;
				GCC_WARN_UNUSED_VARIABLE = YES;
				IPHONEOS_DEPLOYMENT_TARGET = 9.0;
				MTL_ENABLE_DEBUG_INFO = NO;
				MTL_FAST_MATH = YES;
				SDKROOT = iphoneos;
				VALIDATE_PRODUCT = YES;
			};
			name = Release;
		};
		DC2F9D0A2273124F00DE1FF8 /* Debug */ = {
			isa = XCBuildConfiguration;
			buildSettings = {
				ASSETCATALOG_COMPILER_APPICON_NAME = AppIcon;
				CODE_SIGN_STYLE = Automatic;
				HEADER_SEARCH_PATHS = "$(SRCROOT)/../ATKit/**";
				INFOPLIST_FILE = ATKitDemo/Info.plist;
				LD_RUNPATH_SEARCH_PATHS = (
					"$(inherited)",
					"@executable_path/Frameworks",
				);
				PRODUCT_BUNDLE_IDENTIFIER = linzhiman.ATKitDemo;
				PRODUCT_NAME = "$(TARGET_NAME)";
				TARGETED_DEVICE_FAMILY = "1,2";
			};
			name = Debug;
		};
		DC2F9D0B2273124F00DE1FF8 /* Release */ = {
			isa = XCBuildConfiguration;
			buildSettings = {
				ASSETCATALOG_COMPILER_APPICON_NAME = AppIcon;
				CODE_SIGN_STYLE = Automatic;
				HEADER_SEARCH_PATHS = "$(SRCROOT)/../ATKit/**";
				INFOPLIST_FILE = ATKitDemo/Info.plist;
				LD_RUNPATH_SEARCH_PATHS = (
					"$(inherited)",
					"@executable_path/Frameworks",
				);
				PRODUCT_BUNDLE_IDENTIFIER = linzhiman.ATKitDemo;
				PRODUCT_NAME = "$(TARGET_NAME)";
				TARGETED_DEVICE_FAMILY = "1,2";
			};
			name = Release;
		};
/* End XCBuildConfiguration section */

/* Begin XCConfigurationList section */
		DC2F9CEE2273124C00DE1FF8 /* Build configuration list for PBXProject "ATKitDemo" */ = {
			isa = XCConfigurationList;
			buildConfigurations = (
				DC2F9D072273124F00DE1FF8 /* Debug */,
				DC2F9D082273124F00DE1FF8 /* Release */,
			);
			defaultConfigurationIsVisible = 0;
			defaultConfigurationName = Release;
		};
		DC2F9D092273124F00DE1FF8 /* Build configuration list for PBXNativeTarget "ATKitDemo" */ = {
			isa = XCConfigurationList;
			buildConfigurations = (
				DC2F9D0A2273124F00DE1FF8 /* Debug */,
				DC2F9D0B2273124F00DE1FF8 /* Release */,
			);
			defaultConfigurationIsVisible = 0;
			defaultConfigurationName = Release;
		};
/* End XCConfigurationList section */
	};
	rootObject = DC2F9CEB2273124C00DE1FF8 /* Project object */;
}
